
Microsoft Visual Studio Solution File, Format Version 12.00
# Visual Studio Version 16
VisualStudioVersion = 16.0.31515.178
MinimumVisualStudioVersion = 10.0.40219.1
Project("{9A19103F-16F7-4668-BE54-9A1E7A4F7556}") = "Lab1", "Lab1\Lab1.csproj", "{45C47014-CEE0-4767-9F92-836FEFF87147}"
EndProject
Project("{FAE04EC0-301F-11D3-BF4B-00C04F79EFBC}") = "Vector", "Vector\Vector.csproj", "{2ED7406E-9381-4090-800C-D87168D02066}"
EndProject
Global
	GlobalSection(SolutionConfigurationPlatforms) = preSolution
		Debug|Any CPU = Debug|Any CPU
		Release|Any CPU = Release|Any CPU
	EndGlobalSection
	GlobalSection(ProjectConfigurationPlatforms) = postSolution
		{45C47014-CEE0-4767-9F92-836FEFF87147}.Debug|Any CPU.ActiveCfg = Debug|Any CPU
		{45C47014-CEE0-4767-9F92-836FEFF87147}.Debug|Any CPU.Build.0 = Debug|Any CPU
		{45C47014-CEE0-4767-9F92-836FEFF87147}.Release|Any CPU.ActiveCfg = Release|Any CPU
		{45C47014-CEE0-4767-9F92-836FEFF87147}.Release|Any CPU.Build.0 = Release|Any CPU
		{2ED7406E-9381-4090-800C-D87168D02066}.Debug|Any CPU.ActiveCfg = Debug|Any CPU
		{2ED7406E-9381-4090-800C-D87168D02066}.Debug|Any CPU.Build.0 = Debug|Any CPU
		{2ED7406E-9381-4090-800C-D87168D02066}.Release|Any CPU.ActiveCfg = Release|Any CPU
		{2ED7406E-9381-4090-800C-D87168D02066}.Release|Any CPU.Build.0 = Release|Any CPU
	EndGlobalSection
	GlobalSection(SolutionProperties) = preSolution
		HideSolutionNode = FALSE
	EndGlobalSection
	GlobalSection(ExtensibilityGlobals) = postSolution
		SolutionGuid = {C51EDBBF-89D1-4E77-B38F-41E012185BD3}
	EndGlobalSection
EndGlobal
